
Microsoft Visual Studio Solution File, Format Version 12.00
# Visual Studio Version 17
VisualStudioVersion = 17.0.32112.339
MinimumVisualStudioVersion = 10.0.40219.1
Project("{9A19103F-16F7-4668-BE54-9A1E7A4F7556}") = "ExamenFinal JoseAndino", "ExamenFinal JoseAndino\ExamenFinal JoseAndino.csproj", "{B61882F6-C936-4E92-9168-068C9925B29E}"
EndProject
Project("{9A19103F-16F7-4668-BE54-9A1E7A4F7556}") = "Modelos", "Modelos\Modelos.csproj", "{1CCC6790-9738-4BD1-A116-52968392A350}"
EndProject
Project("{9A19103F-16F7-4668-BE54-9A1E7A4F7556}") = "Datos", "Datos\Datos.csproj", "{D9098B4D-3BBB-4E73-A1B9-67ABA35FA407}"
EndProject
Global
	GlobalSection(SolutionConfigurationPlatforms) = preSolution
		Debug|Any CPU = Debug|Any CPU
		Release|Any CPU = Release|Any CPU
	EndGlobalSection
	GlobalSection(ProjectConfigurationPlatforms) = postSolution
		{B61882F6-C936-4E92-9168-068C9925B29E}.Debug|Any CPU.ActiveCfg = Debug|Any CPU
		{B61882F6-C936-4E92-9168-068C9925B29E}.Debug|Any CPU.Build.0 = Debug|Any CPU
		{B61882F6-C936-4E92-9168-068C9925B29E}.Release|Any CPU.ActiveCfg = Release|Any CPU
		{B61882F6-C936-4E92-9168-068C9925B29E}.Release|Any CPU.Build.0 = Release|Any CPU
		{1CCC6790-9738-4BD1-A116-52968392A350}.Debug|Any CPU.ActiveCfg = Debug|Any CPU
		{1CCC6790-9738-4BD1-A116-52968392A350}.Debug|Any CPU.Build.0 = Debug|Any CPU
		{1CCC6790-9738-4BD1-A116-52968392A350}.Release|Any CPU.ActiveCfg = Release|Any CPU
		{1CCC6790-9738-4BD1-A116-52968392A350}.Release|Any CPU.Build.0 = Release|Any CPU
		{D9098B4D-3BBB-4E73-A1B9-67ABA35FA407}.Debug|Any CPU.ActiveCfg = Debug|Any CPU
		{D9098B4D-3BBB-4E73-A1B9-67ABA35FA407}.Debug|Any CPU.Build.0 = Debug|Any CPU
		{D9098B4D-3BBB-4E73-A1B9-67ABA35FA407}.Release|Any CPU.ActiveCfg = Release|Any CPU
		{D9098B4D-3BBB-4E73-A1B9-67ABA35FA407}.Release|Any CPU.Build.0 = Release|Any CPU
	EndGlobalSection
	GlobalSection(SolutionProperties) = preSolution
		HideSolutionNode = FALSE
	EndGlobalSection
	GlobalSection(ExtensibilityGlobals) = postSolution
		SolutionGuid = {291E4DA3-8D77-48DA-9A34-7C640C0F11D2}
	EndGlobalSection
EndGlobal
